
Microsoft Visual Studio Solution File, Format Version 12.00
# Visual Studio Version 17
VisualStudioVersion = 17.4.33403.182
MinimumVisualStudioVersion = 10.0.40219.1
Project("{FAE04EC0-301F-11D3-BF4B-00C04F79EFBC}") = "TYNYWebAppl", "TYNYWebAppl.csproj", "{9F4183F1-0AA2-446D-9E43-781DB0078326}"
EndProject
Global
	GlobalSection(SolutionConfigurationPlatforms) = preSolution
		Debug|Any CPU = Debug|Any CPU
		Release|Any CPU = Release|Any CPU
	EndGlobalSection
	GlobalSection(ProjectConfigurationPlatforms) = postSolution
		{9F4183F1-0AA2-446D-9E43-781DB0078326}.Debug|Any CPU.ActiveCfg = Debug|Any CPU
		{9F4183F1-0AA2-446D-9E43-781DB0078326}.Debug|Any CPU.Build.0 = Debug|Any CPU
		{9F4183F1-0AA2-446D-9E43-781DB0078326}.Release|Any CPU.ActiveCfg = Release|Any CPU
		{9F4183F1-0AA2-446D-9E43-781DB0078326}.Release|Any CPU.Build.0 = Release|Any CPU
	EndGlobalSection
	GlobalSection(SolutionProperties) = preSolution
		HideSolutionNode = FALSE
	EndGlobalSection
	GlobalSection(ExtensibilityGlobals) = postSolution
		SolutionGuid = {A46CDFCA-E576-45DB-8F8D-16299E813DBD}
	EndGlobalSection
EndGlobal
